// !$*UTF8*$!
{
	archiveVersion = 1;
	classes = {
	};
	objectVersion = 46;
	objects = {

/* Begin PBXBuildFile section */
		049D86381AC31162005880D9 /* AppDelegate.swift in Sources */ = {isa = PBXBuildFile; fileRef = 049D86371AC31162005880D9 /* AppDelegate.swift */; };
		049D863A1AC31162005880D9 /* ViewController.swift in Sources */ = {isa = PBXBuildFile; fileRef = 049D86391AC31162005880D9 /* ViewController.swift */; };
		049D863D1AC31162005880D9 /* Main.storyboard in Resources */ = {isa = PBXBuildFile; fileRef = 049D863B1AC31162005880D9 /* Main.storyboard */; };
		049D863F1AC31162005880D9 /* Images.xcassets in Resources */ = {isa = PBXBuildFile; fileRef = 049D863E1AC31162005880D9 /* Images.xcassets */; };
		049D86421AC31162005880D9 /* LaunchScreen.xib in Resources */ = {isa = PBXBuildFile; fileRef = 049D86401AC31162005880D9 /* LaunchScreen.xib */; };
		049D864E1AC31162005880D9 /* SqliteSelectTests.swift in Sources */ = {isa = PBXBuildFile; fileRef = 049D864D1AC31162005880D9 /* SqliteSelectTests.swift */; };
		049D86591AC3141C005880D9 /* libsqlite3.dylib in Frameworks */ = {isa = PBXBuildFile; fileRef = 049D86581AC3141C005880D9 /* libsqlite3.dylib */; };
		049D865D1AC470D2005880D9 /* CustomCell.swift in Sources */ = {isa = PBXBuildFile; fileRef = 049D865C1AC470D2005880D9 /* CustomCell.swift */; };
		049D865F1AC6E929005880D9 /* member.sqlite in Resources */ = {isa = PBXBuildFile; fileRef = 049D865E1AC6E929005880D9 /* member.sqlite */; };
		049D86641AC869C7005880D9 /* smith-font.ttf in Resources */ = {isa = PBXBuildFile; fileRef = 049D86631AC869C7005880D9 /* smith-font.ttf */; };
		04DB7A331AC86FC300E229AE /* screenshots.png in Resources */ = {isa = PBXBuildFile; fileRef = 04DB7A321AC86FC300E229AE /* screenshots.png */; };
/* End PBXBuildFile section */

/* Begin PBXContainerItemProxy section */
		049D86481AC31162005880D9 /* PBXContainerItemProxy */ = {
			isa = PBXContainerItemProxy;
			containerPortal = 049D862A1AC31162005880D9 /* Project object */;
			proxyType = 1;
			remoteGlobalIDString = 049D86311AC31162005880D9;
			remoteInfo = SqliteSelect;
		};
/* End PBXContainerItemProxy section */

/* Begin PBXFileReference section */
		049D86321AC31162005880D9 /* SqliteSelect.app */ = {isa = PBXFileReference; explicitFileType = wrapper.application; includeInIndex = 0; path = SqliteSelect.app; sourceTree = BUILT_PRODUCTS_DIR; };
		049D86361AC31162005880D9 /* Info.plist */ = {isa = PBXFileReference; lastKnownFileType = text.plist.xml; path = Info.plist; sourceTree = "<group>"; };
		049D86371AC31162005880D9 /* AppDelegate.swift */ = {isa = PBXFileReference; lastKnownFileType = sourcecode.swift; path = AppDelegate.swift; sourceTree = "<group>"; };
		049D86391AC31162005880D9 /* ViewController.swift */ = {isa = PBXFileReference; lastKnownFileType = sourcecode.swift; path = ViewController.swift; sourceTree = "<group>"; };
		049D863C1AC31162005880D9 /* Base */ = {isa = PBXFileReference; lastKnownFileType = file.storyboard; name = Base; path = Base.lproj/Main.storyboard; sourceTree = "<group>"; };
		049D863E1AC31162005880D9 /* Images.xcassets */ = {isa = PBXFileReference; lastKnownFileType = folder.assetcatalog; path = Images.xcassets; sourceTree = "<group>"; };
		049D86411AC31162005880D9 /* Base */ = {isa = PBXFileReference; lastKnownFileType = file.xib; name = Base; path = Base.lproj/LaunchScreen.xib; sourceTree = "<group>"; };
		049D86471AC31162005880D9 /* SqliteSelectTests.xctest */ = {isa = PBXFileReference; explicitFileType = wrapper.cfbundle; includeInIndex = 0; path = SqliteSelectTests.xctest; sourceTree = BUILT_PRODUCTS_DIR; };
		049D864C1AC31162005880D9 /* Info.plist */ = {isa = PBXFileReference; lastKnownFileType = text.plist.xml; path = Info.plist; sourceTree = "<group>"; };
		049D864D1AC31162005880D9 /* SqliteSelectTests.swift */ = {isa = PBXFileReference; lastKnownFileType = sourcecode.swift; path = SqliteSelectTests.swift; sourceTree = "<group>"; };
		049D86571AC311F5005880D9 /* BridgingHeader.h */ = {isa = PBXFileReference; fileEncoding = 4; lastKnownFileType = sourcecode.c.h; name = BridgingHeader.h; path = ../BridgingHeader.h; sourceTree = "<group>"; };
		049D86581AC3141C005880D9 /* libsqlite3.dylib */ = {isa = PBXFileReference; lastKnownFileType = "compiled.mach-o.dylib"; name = libsqlite3.dylib; path = usr/lib/libsqlite3.dylib; sourceTree = SDKROOT; };
		049D865C1AC470D2005880D9 /* CustomCell.swift */ = {isa = PBXFileReference; fileEncoding = 4; lastKnownFileType = sourcecode.swift; path = CustomCell.swift; sourceTree = "<group>"; };
		049D865E1AC6E929005880D9 /* member.sqlite */ = {isa = PBXFileReference; lastKnownFileType = file; path = member.sqlite; sourceTree = "<group>"; };
		049D86631AC869C7005880D9 /* smith-font.ttf */ = {isa = PBXFileReference; lastKnownFileType = file; path = "smith-font.ttf"; sourceTree = "<group>"; };
		04DB7A321AC86FC300E229AE /* screenshots.png */ = {isa = PBXFileReference; lastKnownFileType = image.png; path = screenshots.png; sourceTree = "<group>"; };
/* End PBXFileReference section */

/* Begin PBXFrameworksBuildPhase section */
		049D862F1AC31162005880D9 /* Frameworks */ = {
			isa = PBXFrameworksBuildPhase;
			buildActionMask = 2147483647;
			files = (
				049D86591AC3141C005880D9 /* libsqlite3.dylib in Frameworks */,
			);
			runOnlyForDeploymentPostprocessing = 0;
		};
		049D86441AC31162005880D9 /* Frameworks */ = {
			isa = PBXFrameworksBuildPhase;
			buildActionMask = 2147483647;
			files = (
			);
			runOnlyForDeploymentPostprocessing = 0;
		};
/* End PBXFrameworksBuildPhase section */

/* Begin PBXGroup section */
		049D86291AC31162005880D9 = {
			isa = PBXGroup;
			children = (
				049D86341AC31162005880D9 /* SqliteSelect */,
				049D864A1AC31162005880D9 /* SqliteSelectTests */,
				049D86331AC31162005880D9 /* Products */,
				04DB7A311AC86FC300E229AE /* screenshots */,
			);
			sourceTree = "<group>";
		};
		049D86331AC31162005880D9 /* Products */ = {
			isa = PBXGroup;
			children = (
				049D86321AC31162005880D9 /* SqliteSelect.app */,
				049D86471AC31162005880D9 /* SqliteSelectTests.xctest */,
			);
			name = Products;
			sourceTree = "<group>";
		};
		049D86341AC31162005880D9 /* SqliteSelect */ = {
			isa = PBXGroup;
			children = (
				049D86371AC31162005880D9 /* AppDelegate.swift */,
				049D86391AC31162005880D9 /* ViewController.swift */,
				049D86571AC311F5005880D9 /* BridgingHeader.h */,
				049D865C1AC470D2005880D9 /* CustomCell.swift */,
				049D863B1AC31162005880D9 /* Main.storyboard */,
				049D863E1AC31162005880D9 /* Images.xcassets */,
				049D86401AC31162005880D9 /* LaunchScreen.xib */,
				049D86351AC31162005880D9 /* Supporting Files */,
			);
			path = SqliteSelect;
			sourceTree = "<group>";
		};
		049D86351AC31162005880D9 /* Supporting Files */ = {
			isa = PBXGroup;
			children = (
				049D86581AC3141C005880D9 /* libsqlite3.dylib */,
				049D865E1AC6E929005880D9 /* member.sqlite */,
				049D86631AC869C7005880D9 /* smith-font.ttf */,
				049D86361AC31162005880D9 /* Info.plist */,
			);
			name = "Supporting Files";
			sourceTree = "<group>";
		};
		049D864A1AC31162005880D9 /* SqliteSelectTests */ = {
			isa = PBXGroup;
			children = (
				049D864D1AC31162005880D9 /* SqliteSelectTests.swift */,
				049D864B1AC31162005880D9 /* Supporting Files */,
			);
			path = SqliteSelectTests;
			sourceTree = "<group>";
		};
		049D864B1AC31162005880D9 /* Supporting Files */ = {
			isa = PBXGroup;
			children = (
				049D864C1AC31162005880D9 /* Info.plist */,
			);
			name = "Supporting Files";
			sourceTree = "<group>";
		};
		04DB7A311AC86FC300E229AE /* screenshots */ = {
			isa = PBXGroup;
			children = (
				04DB7A321AC86FC300E229AE /* screenshots.png */,
			);
			path = screenshots;
			sourceTree = "<group>";
		};
/* End PBXGroup section */

/* Begin PBXNativeTarget section */
		049D86311AC31162005880D9 /* SqliteSelect */ = {
			isa = PBXNativeTarget;
			buildConfigurationList = 049D86511AC31162005880D9 /* Build configuration list for PBXNativeTarget "SqliteSelect" */;
			buildPhases = (
				049D862E1AC31162005880D9 /* Sources */,
				049D862F1AC31162005880D9 /* Frameworks */,
				049D86301AC31162005880D9 /* Resources */,
			);
			buildRules = (
			);
			dependencies = (
			);
			name = SqliteSelect;
			productName = SqliteSelect;
			productReference = 049D86321AC31162005880D9 /* SqliteSelect.app */;
			productType = "com.apple.product-type.application";
		};
		049D86461AC31162005880D9 /* SqliteSelectTests */ = {
			isa = PBXNativeTarget;
			buildConfigurationList = 049D86541AC31162005880D9 /* Build configuration list for PBXNativeTarget "SqliteSelectTests" */;
			buildPhases = (
				049D86431AC31162005880D9 /* Sources */,
				049D86441AC31162005880D9 /* Frameworks */,
				049D86451AC31162005880D9 /* Resources */,
			);
			buildRules = (
			);
			dependencies = (
				049D86491AC31162005880D9 /* PBXTargetDependency */,
			);
			name = SqliteSelectTests;
			productName = SqliteSelectTests;
			productReference = 049D86471AC31162005880D9 /* SqliteSelectTests.xctest */;
			productType = "com.apple.product-type.bundle.unit-test";
		};
/* End PBXNativeTarget section */

/* Begin PBXProject section */
		049D862A1AC31162005880D9 /* Project object */ = {
			isa = PBXProject;
			attributes = {
				LastUpgradeCheck = 0620;
				ORGANIZATIONNAME = "Smith-Lab";
				TargetAttributes = {
					049D86311AC31162005880D9 = {
						CreatedOnToolsVersion = 6.2;
					};
					049D86461AC31162005880D9 = {
						CreatedOnToolsVersion = 6.2;
						TestTargetID = 049D86311AC31162005880D9;
					};
				};
			};
			buildConfigurationList = 049D862D1AC31162005880D9 /* Build configuration list for PBXProject "SqliteSelect" */;
			compatibilityVersion = "Xcode 3.2";
			developmentRegion = English;
			hasScannedForEncodings = 0;
			knownRegions = (
				en,
				Base,
			);
			mainGroup = 049D86291AC31162005880D9;
			productRefGroup = 049D86331AC31162005880D9 /* Products */;
			projectDirPath = "";
			projectRoot = "";
			targets = (
				049D86311AC31162005880D9 /* SqliteSelect */,
				049D86461AC31162005880D9 /* SqliteSelectTests */,
			);
		};
/* End PBXProject section */

/* Begin PBXResourcesBuildPhase section */
		049D86301AC31162005880D9 /* Resources */ = {
			isa = PBXResourcesBuildPhase;
			buildActionMask = 2147483647;
			files = (
				049D863D1AC31162005880D9 /* Main.storyboard in Resources */,
				049D865F1AC6E929005880D9 /* member.sqlite in Resources */,
				049D86641AC869C7005880D9 /* smith-font.ttf in Resources */,
				04DB7A331AC86FC300E229AE /* screenshots.png in Resources */,
				049D86421AC31162005880D9 /* LaunchScreen.xib in Resources */,
				049D863F1AC31162005880D9 /* Images.xcassets in Resources */,
			);
			runOnlyForDeploymentPostprocessing = 0;
		};
		049D86451AC31162005880D9 /* Resources */ = {
			isa = PBXResourcesBuildPhase;
			buildActionMask = 2147483647;
			files = (
			);
			runOnlyForDeploymentPostprocessing = 0;
		};
/* End PBXResourcesBuildPhase section */

/* Begin PBXSourcesBuildPhase section */
		049D862E1AC31162005880D9 /* Sources */ = {
			isa = PBXSourcesBuildPhase;
			buildActionMask = 2147483647;
			files = (
				049D863A1AC31162005880D9 /* ViewController.swift in Sources */,
				049D865D1AC470D2005880D9 /* CustomCell.swift in Sources */,
				049D86381AC31162005880D9 /* AppDelegate.swift in Sources */,
			);
			runOnlyForDeploymentPostprocessing = 0;
		};
		049D86431AC31162005880D9 /* Sources */ = {
			isa = PBXSourcesBuildPhase;
			buildActionMask = 2147483647;
			files = (
				049D864E1AC31162005880D9 /* SqliteSelectTests.swift in Sources */,
			);
			runOnlyForDeploymentPostprocessing = 0;
		};
/* End PBXSourcesBuildPhase section */

/* Begin PBXTargetDependency section */
		049D86491AC31162005880D9 /* PBXTargetDependency */ = {
			isa = PBXTargetDependency;
			target = 049D86311AC31162005880D9 /* SqliteSelect */;
			targetProxy = 049D86481AC31162005880D9 /* PBXContainerItemProxy */;
		};
/* End PBXTargetDependency section */

/* Begin PBXVariantGroup section */
		049D863B1AC31162005880D9 /* Main.storyboard */ = {
			isa = PBXVariantGroup;
			children = (
				049D863C1AC31162005880D9 /* Base */,
			);
			name = Main.storyboard;
			sourceTree = "<group>";
		};
		049D86401AC31162005880D9 /* LaunchScreen.xib */ = {
			isa = PBXVariantGroup;
			children = (
				049D86411AC31162005880D9 /* Base */,
			);
			name = LaunchScreen.xib;
			sourceTree = "<group>";
		};
/* End PBXVariantGroup section */

/* Begin XCBuildConfiguration section */
		049D864F1AC31162005880D9 /* Debug */ = {
			isa = XCBuildConfiguration;
			buildSettings = {
				ALWAYS_SEARCH_USER_PATHS = NO;
				CLANG_CXX_LANGUAGE_STANDARD = "gnu++0x";
				CLANG_CXX_LIBRARY = "libc++";
				CLANG_ENABLE_MODULES = YES;
				CLANG_ENABLE_OBJC_ARC = YES;
				CLANG_WARN_BOOL_CONVERSION = YES;
				CLANG_WARN_CONSTANT_CONVERSION = YES;
				CLANG_WARN_DIRECT_OBJC_ISA_USAGE = YES_ERROR;
				CLANG_WARN_EMPTY_BODY = YES;
				CLANG_WARN_ENUM_CONVERSION = YES;
				CLANG_WARN_INT_CONVERSION = YES;
				CLANG_WARN_OBJC_ROOT_CLASS = YES_ERROR;
				CLANG_WARN_UNREACHABLE_CODE = YES;
				CLANG_WARN__DUPLICATE_METHOD_MATCH = YES;
				"CODE_SIGN_IDENTITY[sdk=iphoneos*]" = "iPhone Developer";
				COPY_PHASE_STRIP = NO;
				ENABLE_STRICT_OBJC_MSGSEND = YES;
				GCC_C_LANGUAGE_STANDARD = gnu99;
				GCC_DYNAMIC_NO_PIC = NO;
				GCC_OPTIMIZATION_LEVEL = 0;
				GCC_PREPROCESSOR_DEFINITIONS = (
					"DEBUG=1",
					"$(inherited)",
				);
				GCC_SYMBOLS_PRIVATE_EXTERN = NO;
				GCC_WARN_64_TO_32_BIT_CONVERSION = YES;
				GCC_WARN_ABOUT_RETURN_TYPE = YES_ERROR;
				GCC_WARN_UNDECLARED_SELECTOR = YES;
				GCC_WARN_UNINITIALIZED_AUTOS = YES_AGGRESSIVE;
				GCC_WARN_UNUSED_FUNCTION = YES;
				GCC_WARN_UNUSED_VARIABLE = YES;
				IPHONEOS_DEPLOYMENT_TARGET = 8.2;
				MTL_ENABLE_DEBUG_INFO = YES;
				ONLY_ACTIVE_ARCH = YES;
				SDKROOT = iphoneos;
				SWIFT_OPTIMIZATION_LEVEL = "-Onone";
			};
			name = Debug;
		};
		049D86501AC31162005880D9 /* Release */ = {
			isa = XCBuildConfiguration;
			buildSettings = {
				ALWAYS_SEARCH_USER_PATHS = NO;
				CLANG_CXX_LANGUAGE_STANDARD = "gnu++0x";
				CLANG_CXX_LIBRARY = "libc++";
				CLANG_ENABLE_MODULES = YES;
				CLANG_ENABLE_OBJC_ARC = YES;
				CLANG_WARN_BOOL_CONVERSION = YES;
				CLANG_WARN_CONSTANT_CONVERSION = YES;
				CLANG_WARN_DIRECT_OBJC_ISA_USAGE = YES_ERROR;
				CLANG_WARN_EMPTY_BODY = YES;
				CLANG_WARN_ENUM_CONVERSION = YES;
				CLANG_WARN_INT_CONVERSION = YES;
				CLANG_WARN_OBJC_ROOT_CLASS = YES_ERROR;
				CLANG_WARN_UNREACHABLE_CODE = YES;
				CLANG_WARN__DUPLICATE_METHOD_MATCH = YES;
				"CODE_SIGN_IDENTITY[sdk=iphoneos*]" = "iPhone Developer";
				COPY_PHASE_STRIP = YES;
				ENABLE_NS_ASSERTIONS = NO;
				ENABLE_STRICT_OBJC_MSGSEND = YES;
				GCC_C_LANGUAGE_STANDARD = gnu99;
				GCC_WARN_64_TO_32_BIT_CONVERSION = YES;
				GCC_WARN_ABOUT_RETURN_TYPE = YES_ERROR;
				GCC_WARN_UNDECLARED_SELECTOR = YES;
				GCC_WARN_UNINITIALIZED_AUTOS = YES_AGGRESSIVE;
				GCC_WARN_UNUSED_FUNCTION = YES;
				GCC_WARN_UNUSED_VARIABLE = YES;
				IPHONEOS_DEPLOYMENT_TARGET = 8.2;
				MTL_ENABLE_DEBUG_INFO = NO;
				SDKROOT = iphoneos;
				VALIDATE_PRODUCT = YES;
			};
			name = Release;
		};
		049D86521AC31162005880D9 /* Debug */ = {
			isa = XCBuildConfiguration;
			buildSettings = {
				ASSETCATALOG_COMPILER_APPICON_NAME = AppIcon;
				INFOPLIST_FILE = SqliteSelect/Info.plist;
				LD_RUNPATH_SEARCH_PATHS = "$(inherited) @executable_path/Frameworks";
				PRODUCT_NAME = "$(TARGET_NAME)";
				SWIFT_OBJC_BRIDGING_HEADER = SqliteSelect/BridgingHeader.h;
			};
			name = Debug;
		};
		049D86531AC31162005880D9 /* Release */ = {
			isa = XCBuildConfiguration;
			buildSettings = {
				ASSETCATALOG_COMPILER_APPICON_NAME = AppIcon;
				INFOPLIST_FILE = SqliteSelect/Info.plist;
				LD_RUNPATH_SEARCH_PATHS = "$(inherited) @executable_path/Frameworks";
				PRODUCT_NAME = "$(TARGET_NAME)";
				SWIFT_OBJC_BRIDGING_HEADER = SqliteSelect/BridgingHeader.h;
			};
			name = Release;
		};
		049D86551AC31162005880D9 /* Debug */ = {
			isa = XCBuildConfiguration;
			buildSettings = {
				BUNDLE_LOADER = "$(TEST_HOST)";
				FRAMEWORK_SEARCH_PATHS = (
					"$(SDKROOT)/Developer/Library/Frameworks",
					"$(inherited)",
				);
				GCC_PREPROCESSOR_DEFINITIONS = (
					"DEBUG=1",
					"$(inherited)",
				);
				INFOPLIST_FILE = SqliteSelectTests/Info.plist;
				LD_RUNPATH_SEARCH_PATHS = "$(inherited) @executable_path/Frameworks @loader_path/Frameworks";
				PRODUCT_NAME = "$(TARGET_NAME)";
				TEST_HOST = "$(BUILT_PRODUCTS_DIR)/SqliteSelect.app/SqliteSelect";
			};
			name = Debug;
		};
		049D86561AC31162005880D9 /* Release */ = {
			isa = XCBuildConfiguration;
			buildSettings = {
				BUNDLE_LOADER = "$(TEST_HOST)";
				FRAMEWORK_SEARCH_PATHS = (
					"$(SDKROOT)/Developer/Library/Frameworks",
					"$(inherited)",
				);
				INFOPLIST_FILE = SqliteSelectTests/Info.plist;
				LD_RUNPATH_SEARCH_PATHS = "$(inherited) @executable_path/Frameworks @loader_path/Frameworks";
				PRODUCT_NAME = "$(TARGET_NAME)";
				TEST_HOST = "$(BUILT_PRODUCTS_DIR)/SqliteSelect.app/SqliteSelect";
			};
			name = Release;
		};
/* End XCBuildConfiguration section */

/* Begin XCConfigurationList section */
		049D862D1AC31162005880D9 /* Build configuration list for PBXProject "SqliteSelect" */ = {
			isa = XCConfigurationList;
			buildConfigurations = (
				049D864F1AC31162005880D9 /* Debug */,
				049D86501AC31162005880D9 /* Release */,
			);
			defaultConfigurationIsVisible = 0;
			defaultConfigurationName = Release;
		};
		049D86511AC31162005880D9 /* Build configuration list for PBXNativeTarget "SqliteSelect" */ = {
			isa = XCConfigurationList;
			buildConfigurations = (
				049D86521AC31162005880D9 /* Debug */,
				049D86531AC31162005880D9 /* Release */,
			);
			defaultConfigurationIsVisible = 0;
			defaultConfigurationName = Release;
		};
		049D86541AC31162005880D9 /* Build configuration list for PBXNativeTarget "SqliteSelectTests" */ = {
			isa = XCConfigurationList;
			buildConfigurations = (
				049D86551AC31162005880D9 /* Debug */,
				049D86561AC31162005880D9 /* Release */,
			);
			defaultConfigurationIsVisible = 0;
			defaultConfigurationName = Release;
		};
/* End XCConfigurationList section */
	};
	rootObject = 049D862A1AC31162005880D9 /* Project object */;
}
